// !$*UTF8*$!
{
	archiveVersion = 1;
	classes = {
	};
	objectVersion = 48;
	objects = {

/* Begin PBXBuildFile section */
		03AA174E1FC84154003CB2B8 /* AppDelegate.swift in Sources */ = {isa = PBXBuildFile; fileRef = 03AA174D1FC84154003CB2B8 /* AppDelegate.swift */; };
		03AA17531FC84154003CB2B8 /* Main.storyboard in Resources */ = {isa = PBXBuildFile; fileRef = 03AA17511FC84154003CB2B8 /* Main.storyboard */; };
		03AA17561FC84154003CB2B8 /* Agenda.xcdatamodeld in Sources */ = {isa = PBXBuildFile; fileRef = 03AA17541FC84154003CB2B8 /* Agenda.xcdatamodeld */; };
		03AA17581FC84154003CB2B8 /* Assets.xcassets in Resources */ = {isa = PBXBuildFile; fileRef = 03AA17571FC84154003CB2B8 /* Assets.xcassets */; };
		03AA175B1FC84154003CB2B8 /* LaunchScreen.storyboard in Resources */ = {isa = PBXBuildFile; fileRef = 03AA17591FC84154003CB2B8 /* LaunchScreen.storyboard */; };
		03AA17661FC84353003CB2B8 /* HomeTableViewController.swift in Sources */ = {isa = PBXBuildFile; fileRef = 03AA17651FC84353003CB2B8 /* HomeTableViewController.swift */; };
		03AA17681FC843B1003CB2B8 /* HomeTableViewCell.swift in Sources */ = {isa = PBXBuildFile; fileRef = 03AA17671FC843B1003CB2B8 /* HomeTableViewCell.swift */; };
		03AA176D1FC8515A003CB2B8 /* AlunoViewController.swift in Sources */ = {isa = PBXBuildFile; fileRef = 03AA176C1FC8515A003CB2B8 /* AlunoViewController.swift */; };
		939E1768764077A93805B379 /* Pods_Agenda.framework in Frameworks */ = {isa = PBXBuildFile; fileRef = 5D2D9ECE862B784E6CC27AD8 /* Pods_Agenda.framework */; };
		FB4576DA268FB49A00512C59 /* ImagePicker.swift in Sources */ = {isa = PBXBuildFile; fileRef = FB4576D9268FB49A00512C59 /* ImagePicker.swift */; };
		FB4576E02690108900512C59 /* MenuOpcoesAlunos.swift in Sources */ = {isa = PBXBuildFile; fileRef = FB4576DF2690108900512C59 /* MenuOpcoesAlunos.swift */; };
		FB4576E2269015CF00512C59 /* Mensagem.swift in Sources */ = {isa = PBXBuildFile; fileRef = FB4576E1269015CF00512C59 /* Mensagem.swift */; };
		FB4576E42690C3D600512C59 /* Localizacao.swift in Sources */ = {isa = PBXBuildFile; fileRef = FB4576E32690C3D600512C59 /* Localizacao.swift */; };
		FB4576E82690C76200512C59 /* MapaViewController.swift in Sources */ = {isa = PBXBuildFile; fileRef = FB4576E72690C76200512C59 /* MapaViewController.swift */; };
		FB4576EB2690EBE100512C59 /* CalculaMediaAPI.swift in Sources */ = {isa = PBXBuildFile; fileRef = FB4576EA2690EBE100512C59 /* CalculaMediaAPI.swift */; };
		FB4576ED2690F5F300512C59 /* Notificacoes.swift in Sources */ = {isa = PBXBuildFile; fileRef = FB4576EC2690F5F300512C59 /* Notificacoes.swift */; };
		FB4576EF269163B100512C59 /* AutenticacaoLocal.swift in Sources */ = {isa = PBXBuildFile; fileRef = FB4576EE269163B100512C59 /* AutenticacaoLocal.swift */; };
		FB45772426925C8700512C59 /* Pino.swift in Sources */ = {isa = PBXBuildFile; fileRef = FB45772326925C8700512C59 /* Pino.swift */; };
		FB45772726925FBB00512C59 /* icon_caelum.png in Resources */ = {isa = PBXBuildFile; fileRef = FB45772626925FBB00512C59 /* icon_caelum.png */; };
		FB45772A26927D4E00512C59 /* AlunoAPI.swift in Sources */ = {isa = PBXBuildFile; fileRef = FB45772926927D4E00512C59 /* AlunoAPI.swift */; };
		FB45772C2692893100512C59 /* Repository.swift in Sources */ = {isa = PBXBuildFile; fileRef = FB45772B2692893100512C59 /* Repository.swift */; };
		FB45772E2692898800512C59 /* AlunoDAO.swift in Sources */ = {isa = PBXBuildFile; fileRef = FB45772D2692898800512C59 /* AlunoDAO.swift */; };
		FB4577302692B6CF00512C59 /* LigacaoTelefonica.swift in Sources */ = {isa = PBXBuildFile; fileRef = FB45772F2692B6CF00512C59 /* LigacaoTelefonica.swift */; };
		FB4577322692B7C500512C59 /* Safari.swift in Sources */ = {isa = PBXBuildFile; fileRef = FB4577312692B7C500512C59 /* Safari.swift */; };
/* End PBXBuildFile section */

/* Begin PBXFileReference section */
		03AA174A1FC84154003CB2B8 /* Agenda.app */ = {isa = PBXFileReference; explicitFileType = wrapper.application; includeInIndex = 0; path = Agenda.app; sourceTree = BUILT_PRODUCTS_DIR; };
		03AA174D1FC84154003CB2B8 /* AppDelegate.swift */ = {isa = PBXFileReference; lastKnownFileType = sourcecode.swift; path = AppDelegate.swift; sourceTree = "<group>"; };
		03AA17521FC84154003CB2B8 /* Base */ = {isa = PBXFileReference; lastKnownFileType = file.storyboard; name = Base; path = Base.lproj/Main.storyboard; sourceTree = "<group>"; };
		03AA17551FC84154003CB2B8 /* Agenda.xcdatamodel */ = {isa = PBXFileReference; lastKnownFileType = wrapper.xcdatamodel; path = Agenda.xcdatamodel; sourceTree = "<group>"; };
		03AA17571FC84154003CB2B8 /* Assets.xcassets */ = {isa = PBXFileReference; lastKnownFileType = folder.assetcatalog; path = Assets.xcassets; sourceTree = "<group>"; };
		03AA175A1FC84154003CB2B8 /* Base */ = {isa = PBXFileReference; lastKnownFileType = file.storyboard; name = Base; path = Base.lproj/LaunchScreen.storyboard; sourceTree = "<group>"; };
		03AA175C1FC84154003CB2B8 /* Info.plist */ = {isa = PBXFileReference; lastKnownFileType = text.plist.xml; path = Info.plist; sourceTree = "<group>"; };
		03AA17651FC84353003CB2B8 /* HomeTableViewController.swift */ = {isa = PBXFileReference; lastKnownFileType = sourcecode.swift; path = HomeTableViewController.swift; sourceTree = "<group>"; };
		03AA17671FC843B1003CB2B8 /* HomeTableViewCell.swift */ = {isa = PBXFileReference; lastKnownFileType = sourcecode.swift; path = HomeTableViewCell.swift; sourceTree = "<group>"; };
		03AA176C1FC8515A003CB2B8 /* AlunoViewController.swift */ = {isa = PBXFileReference; lastKnownFileType = sourcecode.swift; path = AlunoViewController.swift; sourceTree = "<group>"; };
		1473DCBCD2FF7AE43A0332B3 /* Pods-Agenda.debug.xcconfig */ = {isa = PBXFileReference; includeInIndex = 1; lastKnownFileType = text.xcconfig; name = "Pods-Agenda.debug.xcconfig"; path = "Target Support Files/Pods-Agenda/Pods-Agenda.debug.xcconfig"; sourceTree = "<group>"; };
		5D2D9ECE862B784E6CC27AD8 /* Pods_Agenda.framework */ = {isa = PBXFileReference; explicitFileType = wrapper.framework; includeInIndex = 0; path = Pods_Agenda.framework; sourceTree = BUILT_PRODUCTS_DIR; };
		C259BE473ABEDBDD129BB562 /* Pods-Agenda.release.xcconfig */ = {isa = PBXFileReference; includeInIndex = 1; lastKnownFileType = text.xcconfig; name = "Pods-Agenda.release.xcconfig"; path = "Target Support Files/Pods-Agenda/Pods-Agenda.release.xcconfig"; sourceTree = "<group>"; };
		FB4576D9268FB49A00512C59 /* ImagePicker.swift */ = {isa = PBXFileReference; lastKnownFileType = sourcecode.swift; path = ImagePicker.swift; sourceTree = "<group>"; };
		FB4576DF2690108900512C59 /* MenuOpcoesAlunos.swift */ = {isa = PBXFileReference; lastKnownFileType = sourcecode.swift; path = MenuOpcoesAlunos.swift; sourceTree = "<group>"; };
		FB4576E1269015CF00512C59 /* Mensagem.swift */ = {isa = PBXFileReference; lastKnownFileType = sourcecode.swift; path = Mensagem.swift; sourceTree = "<group>"; };
		FB4576E32690C3D600512C59 /* Localizacao.swift */ = {isa = PBXFileReference; lastKnownFileType = sourcecode.swift; path = Localizacao.swift; sourceTree = "<group>"; };
		FB4576E72690C76200512C59 /* MapaViewController.swift */ = {isa = PBXFileReference; lastKnownFileType = sourcecode.swift; path = MapaViewController.swift; sourceTree = "<group>"; };
		FB4576EA2690EBE100512C59 /* CalculaMediaAPI.swift */ = {isa = PBXFileReference; lastKnownFileType = sourcecode.swift; path = CalculaMediaAPI.swift; sourceTree = "<group>"; };
		FB4576EC2690F5F300512C59 /* Notificacoes.swift */ = {isa = PBXFileReference; lastKnownFileType = sourcecode.swift; path = Notificacoes.swift; sourceTree = "<group>"; };
		FB4576EE269163B100512C59 /* AutenticacaoLocal.swift */ = {isa = PBXFileReference; lastKnownFileType = sourcecode.swift; path = AutenticacaoLocal.swift; sourceTree = "<group>"; };
		FB45772326925C8700512C59 /* Pino.swift */ = {isa = PBXFileReference; lastKnownFileType = sourcecode.swift; path = Pino.swift; sourceTree = "<group>"; };
		FB45772626925FBB00512C59 /* icon_caelum.png */ = {isa = PBXFileReference; lastKnownFileType = image.png; path = icon_caelum.png; sourceTree = "<group>"; };
		FB45772926927D4E00512C59 /* AlunoAPI.swift */ = {isa = PBXFileReference; lastKnownFileType = sourcecode.swift; path = AlunoAPI.swift; sourceTree = "<group>"; };
		FB45772B2692893100512C59 /* Repository.swift */ = {isa = PBXFileReference; lastKnownFileType = sourcecode.swift; path = Repository.swift; sourceTree = "<group>"; };
		FB45772D2692898800512C59 /* AlunoDAO.swift */ = {isa = PBXFileReference; lastKnownFileType = sourcecode.swift; path = AlunoDAO.swift; sourceTree = "<group>"; };
		FB45772F2692B6CF00512C59 /* LigacaoTelefonica.swift */ = {isa = PBXFileReference; lastKnownFileType = sourcecode.swift; path = LigacaoTelefonica.swift; sourceTree = "<group>"; };
		FB4577312692B7C500512C59 /* Safari.swift */ = {isa = PBXFileReference; lastKnownFileType = sourcecode.swift; path = Safari.swift; sourceTree = "<group>"; };
/* End PBXFileReference section */

/* Begin PBXFrameworksBuildPhase section */
		03AA17471FC84154003CB2B8 /* Frameworks */ = {
			isa = PBXFrameworksBuildPhase;
			buildActionMask = 2147483647;
			files = (
				939E1768764077A93805B379 /* Pods_Agenda.framework in Frameworks */,
			);
			runOnlyForDeploymentPostprocessing = 0;
		};
/* End PBXFrameworksBuildPhase section */

/* Begin PBXGroup section */
		03AA17411FC84154003CB2B8 = {
			isa = PBXGroup;
			children = (
				03AA174C1FC84154003CB2B8 /* Agenda */,
				03AA174B1FC84154003CB2B8 /* Products */,
				093F98E4EDCEB340FE297DE2 /* Pods */,
				AD9736F12EF31625A157B536 /* Frameworks */,
			);
			sourceTree = "<group>";
		};
		03AA174B1FC84154003CB2B8 /* Products */ = {
			isa = PBXGroup;
			children = (
				03AA174A1FC84154003CB2B8 /* Agenda.app */,
			);
			name = Products;
			sourceTree = "<group>";
		};
		03AA174C1FC84154003CB2B8 /* Agenda */ = {
			isa = PBXGroup;
			children = (
				03AA174D1FC84154003CB2B8 /* AppDelegate.swift */,
				03AA17621FC8433E003CB2B8 /* Home */,
				03AA17691FC84A2D003CB2B8 /* Alunos */,
				FB4576E52690C72C00512C59 /* Mapa */,
				FB4576D8268FB42E00512C59 /* Componentes */,
				FB45772526925E2F00512C59 /* Assets */,
				03AA17511FC84154003CB2B8 /* Main.storyboard */,
				03AA17571FC84154003CB2B8 /* Assets.xcassets */,
				03AA17591FC84154003CB2B8 /* LaunchScreen.storyboard */,
				03AA175C1FC84154003CB2B8 /* Info.plist */,
				03AA17541FC84154003CB2B8 /* Agenda.xcdatamodeld */,
			);
			path = Agenda;
			sourceTree = "<group>";
		};
		03AA17621FC8433E003CB2B8 /* Home */ = {
			isa = PBXGroup;
			children = (
				FB4576E92690EBCE00512C59 /* Model */,
				03AA17641FC8433E003CB2B8 /* View */,
				03AA17631FC8433E003CB2B8 /* Controller */,
			);
			path = Home;
			sourceTree = "<group>";
		};
		03AA17631FC8433E003CB2B8 /* Controller */ = {
			isa = PBXGroup;
			children = (
				03AA17651FC84353003CB2B8 /* HomeTableViewController.swift */,
			);
			path = Controller;
			sourceTree = "<group>";
		};
		03AA17641FC8433E003CB2B8 /* View */ = {
			isa = PBXGroup;
			children = (
				03AA17671FC843B1003CB2B8 /* HomeTableViewCell.swift */,
			);
			path = View;
			sourceTree = "<group>";
		};
		03AA17691FC84A2D003CB2B8 /* Alunos */ = {
			isa = PBXGroup;
			children = (
				FB45772826927D4100512C59 /* Model */,
				03AA176B1FC84A2D003CB2B8 /* View */,
				03AA176A1FC84A2D003CB2B8 /* Controller */,
			);
			path = Alunos;
			sourceTree = "<group>";
		};
		03AA176A1FC84A2D003CB2B8 /* Controller */ = {
			isa = PBXGroup;
			children = (
				03AA176C1FC8515A003CB2B8 /* AlunoViewController.swift */,
			);
			path = Controller;
			sourceTree = "<group>";
		};
		03AA176B1FC84A2D003CB2B8 /* View */ = {
			isa = PBXGroup;
			children = (
			);
			path = View;
			sourceTree = "<group>";
		};
		093F98E4EDCEB340FE297DE2 /* Pods */ = {
			isa = PBXGroup;
			children = (
				1473DCBCD2FF7AE43A0332B3 /* Pods-Agenda.debug.xcconfig */,
				C259BE473ABEDBDD129BB562 /* Pods-Agenda.release.xcconfig */,
			);
			path = Pods;
			sourceTree = "<group>";
		};
		AD9736F12EF31625A157B536 /* Frameworks */ = {
			isa = PBXGroup;
			children = (
				5D2D9ECE862B784E6CC27AD8 /* Pods_Agenda.framework */,
			);
			name = Frameworks;
			sourceTree = "<group>";
		};
		FB4576D8268FB42E00512C59 /* Componentes */ = {
			isa = PBXGroup;
			children = (
				FB4576D9268FB49A00512C59 /* ImagePicker.swift */,
				FB4576DF2690108900512C59 /* MenuOpcoesAlunos.swift */,
				FB4576E1269015CF00512C59 /* Mensagem.swift */,
				FB4576E32690C3D600512C59 /* Localizacao.swift */,
				FB4576EC2690F5F300512C59 /* Notificacoes.swift */,
				FB4576EE269163B100512C59 /* AutenticacaoLocal.swift */,
				FB45772F2692B6CF00512C59 /* LigacaoTelefonica.swift */,
				FB4577312692B7C500512C59 /* Safari.swift */,
			);
			path = Componentes;
			sourceTree = "<group>";
		};
		FB4576E52690C72C00512C59 /* Mapa */ = {
			isa = PBXGroup;
			children = (
				FB45772226925C6F00512C59 /* Model */,
				FB4576E62690C74F00512C59 /* Controller */,
			);
			path = Mapa;
			sourceTree = "<group>";
		};
		FB4576E62690C74F00512C59 /* Controller */ = {
			isa = PBXGroup;
			children = (
				FB4576E72690C76200512C59 /* MapaViewController.swift */,
			);
			path = Controller;
			sourceTree = "<group>";
		};
		FB4576E92690EBCE00512C59 /* Model */ = {
			isa = PBXGroup;
			children = (
				FB4576EA2690EBE100512C59 /* CalculaMediaAPI.swift */,
			);
			path = Model;
			sourceTree = "<group>";
		};
		FB45772226925C6F00512C59 /* Model */ = {
			isa = PBXGroup;
			children = (
				FB45772326925C8700512C59 /* Pino.swift */,
			);
			path = Model;
			sourceTree = "<group>";
		};
		FB45772526925E2F00512C59 /* Assets */ = {
			isa = PBXGroup;
			children = (
				FB45772626925FBB00512C59 /* icon_caelum.png */,
			);
			path = Assets;
			sourceTree = "<group>";
		};
		FB45772826927D4100512C59 /* Model */ = {
			isa = PBXGroup;
			children = (
				FB45772926927D4E00512C59 /* AlunoAPI.swift */,
				FB45772B2692893100512C59 /* Repository.swift */,
				FB45772D2692898800512C59 /* AlunoDAO.swift */,
			);
			path = Model;
			sourceTree = "<group>";
		};
/* End PBXGroup section */

/* Begin PBXNativeTarget section */
		03AA17491FC84154003CB2B8 /* Agenda */ = {
			isa = PBXNativeTarget;
			buildConfigurationList = 03AA175F1FC84154003CB2B8 /* Build configuration list for PBXNativeTarget "Agenda" */;
			buildPhases = (
				787903748F83E9B9C947121A /* [CP] Check Pods Manifest.lock */,
				03AA17461FC84154003CB2B8 /* Sources */,
				03AA17471FC84154003CB2B8 /* Frameworks */,
				03AA17481FC84154003CB2B8 /* Resources */,
				AAF6DEAC7E03EEB4A93CC43A /* [CP] Embed Pods Frameworks */,
			);
			buildRules = (
			);
			dependencies = (
			);
			name = Agenda;
			productName = Agenda;
			productReference = 03AA174A1FC84154003CB2B8 /* Agenda.app */;
			productType = "com.apple.product-type.application";
		};
/* End PBXNativeTarget section */

/* Begin PBXProject section */
		03AA17421FC84154003CB2B8 /* Project object */ = {
			isa = PBXProject;
			attributes = {
				LastSwiftUpdateCheck = 0910;
				LastUpgradeCheck = 1250;
				ORGANIZATIONNAME = Alura;
				TargetAttributes = {
					03AA17491FC84154003CB2B8 = {
						CreatedOnToolsVersion = 9.1;
						ProvisioningStyle = Automatic;
					};
				};
			};
			buildConfigurationList = 03AA17451FC84154003CB2B8 /* Build configuration list for PBXProject "Agenda" */;
			compatibilityVersion = "Xcode 8.0";
			developmentRegion = en;
			hasScannedForEncodings = 0;
			knownRegions = (
				en,
				Base,
			);
			mainGroup = 03AA17411FC84154003CB2B8;
			productRefGroup = 03AA174B1FC84154003CB2B8 /* Products */;
			projectDirPath = "";
			projectRoot = "";
			targets = (
				03AA17491FC84154003CB2B8 /* Agenda */,
			);
		};
/* End PBXProject section */

/* Begin PBXResourcesBuildPhase section */
		03AA17481FC84154003CB2B8 /* Resources */ = {
			isa = PBXResourcesBuildPhase;
			buildActionMask = 2147483647;
			files = (
				03AA175B1FC84154003CB2B8 /* LaunchScreen.storyboard in Resources */,
				FB45772726925FBB00512C59 /* icon_caelum.png in Resources */,
				03AA17581FC84154003CB2B8 /* Assets.xcassets in Resources */,
				03AA17531FC84154003CB2B8 /* Main.storyboard in Resources */,
			);
			runOnlyForDeploymentPostprocessing = 0;
		};
/* End PBXResourcesBuildPhase section */

/* Begin PBXShellScriptBuildPhase section */
		787903748F83E9B9C947121A /* [CP] Check Pods Manifest.lock */ = {
			isa = PBXShellScriptBuildPhase;
			buildActionMask = 2147483647;
			files = (
			);
			inputFileListPaths = (
			);
			inputPaths = (
				"${PODS_PODFILE_DIR_PATH}/Podfile.lock",
				"${PODS_ROOT}/Manifest.lock",
			);
			name = "[CP] Check Pods Manifest.lock";
			outputFileListPaths = (
			);
			outputPaths = (
				"$(DERIVED_FILE_DIR)/Pods-Agenda-checkManifestLockResult.txt",
			);
			runOnlyForDeploymentPostprocessing = 0;
			shellPath = /bin/sh;
			shellScript = "diff \"${PODS_PODFILE_DIR_PATH}/Podfile.lock\" \"${PODS_ROOT}/Manifest.lock\" > /dev/null\nif [ $? != 0 ] ; then\n    # print error to STDERR\n    echo \"error: The sandbox is not in sync with the Podfile.lock. Run 'pod install' or update your CocoaPods installation.\" >&2\n    exit 1\nfi\n# This output is used by Xcode 'outputs' to avoid re-running this script phase.\necho \"SUCCESS\" > \"${SCRIPT_OUTPUT_FILE_0}\"\n";
			showEnvVarsInLog = 0;
		};
		AAF6DEAC7E03EEB4A93CC43A /* [CP] Embed Pods Frameworks */ = {
			isa = PBXShellScriptBuildPhase;
			buildActionMask = 2147483647;
			files = (
			);
			inputPaths = (
				"${PODS_ROOT}/Target Support Files/Pods-Agenda/Pods-Agenda-frameworks.sh",
				"${BUILT_PRODUCTS_DIR}/Alamofire/Alamofire.framework",
			);
			name = "[CP] Embed Pods Frameworks";
			outputPaths = (
				"${TARGET_BUILD_DIR}/${FRAMEWORKS_FOLDER_PATH}/Alamofire.framework",
			);
			runOnlyForDeploymentPostprocessing = 0;
			shellPath = /bin/sh;
			shellScript = "\"${PODS_ROOT}/Target Support Files/Pods-Agenda/Pods-Agenda-frameworks.sh\"\n";
			showEnvVarsInLog = 0;
		};
/* End PBXShellScriptBuildPhase section */

/* Begin PBXSourcesBuildPhase section */
		03AA17461FC84154003CB2B8 /* Sources */ = {
			isa = PBXSourcesBuildPhase;
			buildActionMask = 2147483647;
			files = (
				03AA176D1FC8515A003CB2B8 /* AlunoViewController.swift in Sources */,
				FB45772A26927D4E00512C59 /* AlunoAPI.swift in Sources */,
				FB45772426925C8700512C59 /* Pino.swift in Sources */,
				FB45772E2692898800512C59 /* AlunoDAO.swift in Sources */,
				03AA17661FC84353003CB2B8 /* HomeTableViewController.swift in Sources */,
				03AA17561FC84154003CB2B8 /* Agenda.xcdatamodeld in Sources */,
				FB4576DA268FB49A00512C59 /* ImagePicker.swift in Sources */,
				FB4576EB2690EBE100512C59 /* CalculaMediaAPI.swift in Sources */,
				03AA17681FC843B1003CB2B8 /* HomeTableViewCell.swift in Sources */,
				FB4577322692B7C500512C59 /* Safari.swift in Sources */,
				FB4576E02690108900512C59 /* MenuOpcoesAlunos.swift in Sources */,
				FB4576E2269015CF00512C59 /* Mensagem.swift in Sources */,
				FB4576ED2690F5F300512C59 /* Notificacoes.swift in Sources */,
				FB4577302692B6CF00512C59 /* LigacaoTelefonica.swift in Sources */,
				FB45772C2692893100512C59 /* Repository.swift in Sources */,
				FB4576E82690C76200512C59 /* MapaViewController.swift in Sources */,
				03AA174E1FC84154003CB2B8 /* AppDelegate.swift in Sources */,
				FB4576E42690C3D600512C59 /* Localizacao.swift in Sources */,
				FB4576EF269163B100512C59 /* AutenticacaoLocal.swift in Sources */,
			);
			runOnlyForDeploymentPostprocessing = 0;
		};
/* End PBXSourcesBuildPhase section */

/* Begin PBXVariantGroup section */
		03AA17511FC84154003CB2B8 /* Main.storyboard */ = {
			isa = PBXVariantGroup;
			children = (
				03AA17521FC84154003CB2B8 /* Base */,
			);
			name = Main.storyboard;
			sourceTree = "<group>";
		};
		03AA17591FC84154003CB2B8 /* LaunchScreen.storyboard */ = {
			isa = PBXVariantGroup;
			children = (
				03AA175A1FC84154003CB2B8 /* Base */,
			);
			name = LaunchScreen.storyboard;
			sourceTree = "<group>";
		};
/* End PBXVariantGroup section */

/* Begin XCBuildConfiguration section */
		03AA175D1FC84154003CB2B8 /* Debug */ = {
			isa = XCBuildConfiguration;
			buildSettings = {
				ALWAYS_SEARCH_USER_PATHS = NO;
				CLANG_ANALYZER_NONNULL = YES;
				CLANG_ANALYZER_NUMBER_OBJECT_CONVERSION = YES_AGGRESSIVE;
				CLANG_CXX_LANGUAGE_STANDARD = "gnu++14";
				CLANG_CXX_LIBRARY = "libc++";
				CLANG_ENABLE_MODULES = YES;
				CLANG_ENABLE_OBJC_ARC = YES;
				CLANG_WARN_BLOCK_CAPTURE_AUTORELEASING = YES;
				CLANG_WARN_BOOL_CONVERSION = YES;
				CLANG_WARN_COMMA = YES;
				CLANG_WARN_CONSTANT_CONVERSION = YES;
				CLANG_WARN_DEPRECATED_OBJC_IMPLEMENTATIONS = YES;
				CLANG_WARN_DIRECT_OBJC_ISA_USAGE = YES_ERROR;
				CLANG_WARN_DOCUMENTATION_COMMENTS = YES;
				CLANG_WARN_EMPTY_BODY = YES;
				CLANG_WARN_ENUM_CONVERSION = YES;
				CLANG_WARN_INFINITE_RECURSION = YES;
				CLANG_WARN_INT_CONVERSION = YES;
				CLANG_WARN_NON_LITERAL_NULL_CONVERSION = YES;
				CLANG_WARN_OBJC_IMPLICIT_RETAIN_SELF = YES;
				CLANG_WARN_OBJC_LITERAL_CONVERSION = YES;
				CLANG_WARN_OBJC_ROOT_CLASS = YES_ERROR;
				CLANG_WARN_QUOTED_INCLUDE_IN_FRAMEWORK_HEADER = YES;
				CLANG_WARN_RANGE_LOOP_ANALYSIS = YES;
				CLANG_WARN_STRICT_PROTOTYPES = YES;
				CLANG_WARN_SUSPICIOUS_MOVE = YES;
				CLANG_WARN_UNGUARDED_AVAILABILITY = YES_AGGRESSIVE;
				CLANG_WARN_UNREACHABLE_CODE = YES;
				CLANG_WARN__DUPLICATE_METHOD_MATCH = YES;
				CODE_SIGN_IDENTITY = "iPhone Developer";
				COPY_PHASE_STRIP = NO;
				DEBUG_INFORMATION_FORMAT = dwarf;
				ENABLE_STRICT_OBJC_MSGSEND = YES;
				ENABLE_TESTABILITY = YES;
				GCC_C_LANGUAGE_STANDARD = gnu11;
				GCC_DYNAMIC_NO_PIC = NO;
				GCC_NO_COMMON_BLOCKS = YES;
				GCC_OPTIMIZATION_LEVEL = 0;
				GCC_PREPROCESSOR_DEFINITIONS = (
					"DEBUG=1",
					"$(inherited)",
				);
				GCC_WARN_64_TO_32_BIT_CONVERSION = YES;
				GCC_WARN_ABOUT_RETURN_TYPE = YES_ERROR;
				GCC_WARN_UNDECLARED_SELECTOR = YES;
				GCC_WARN_UNINITIALIZED_AUTOS = YES_AGGRESSIVE;
				GCC_WARN_UNUSED_FUNCTION = YES;
				GCC_WARN_UNUSED_VARIABLE = YES;
				IPHONEOS_DEPLOYMENT_TARGET = 12.0;
				MTL_ENABLE_DEBUG_INFO = YES;
				ONLY_ACTIVE_ARCH = YES;
				SDKROOT = iphoneos;
				SWIFT_ACTIVE_COMPILATION_CONDITIONS = DEBUG;
				SWIFT_OPTIMIZATION_LEVEL = "-Onone";
			};
			name = Debug;
		};
		03AA175E1FC84154003CB2B8 /* Release */ = {
			isa = XCBuildConfiguration;
			buildSettings = {
				ALWAYS_SEARCH_USER_PATHS = NO;
				CLANG_ANALYZER_NONNULL = YES;
				CLANG_ANALYZER_NUMBER_OBJECT_CONVERSION = YES_AGGRESSIVE;
				CLANG_CXX_LANGUAGE_STANDARD = "gnu++14";
				CLANG_CXX_LIBRARY = "libc++";
				CLANG_ENABLE_MODULES = YES;
				CLANG_ENABLE_OBJC_ARC = YES;
				CLANG_WARN_BLOCK_CAPTURE_AUTORELEASING = YES;
				CLANG_WARN_BOOL_CONVERSION = YES;
				CLANG_WARN_COMMA = YES;
				CLANG_WARN_CONSTANT_CONVERSION = YES;
				CLANG_WARN_DEPRECATED_OBJC_IMPLEMENTATIONS = YES;
				CLANG_WARN_DIRECT_OBJC_ISA_USAGE = YES_ERROR;
				CLANG_WARN_DOCUMENTATION_COMMENTS = YES;
				CLANG_WARN_EMPTY_BODY = YES;
				CLANG_WARN_ENUM_CONVERSION = YES;
				CLANG_WARN_INFINITE_RECURSION = YES;
				CLANG_WARN_INT_CONVERSION = YES;
				CLANG_WARN_NON_LITERAL_NULL_CONVERSION = YES;
				CLANG_WARN_OBJC_IMPLICIT_RETAIN_SELF = YES;
				CLANG_WARN_OBJC_LITERAL_CONVERSION = YES;
				CLANG_WARN_OBJC_ROOT_CLASS = YES_ERROR;
				CLANG_WARN_QUOTED_INCLUDE_IN_FRAMEWORK_HEADER = YES;
				CLANG_WARN_RANGE_LOOP_ANALYSIS = YES;
				CLANG_WARN_STRICT_PROTOTYPES = YES;
				CLANG_WARN_SUSPICIOUS_MOVE = YES;
				CLANG_WARN_UNGUARDED_AVAILABILITY = YES_AGGRESSIVE;
				CLANG_WARN_UNREACHABLE_CODE = YES;
				CLANG_WARN__DUPLICATE_METHOD_MATCH = YES;
				CODE_SIGN_IDENTITY = "iPhone Developer";
				COPY_PHASE_STRIP = NO;
				DEBUG_INFORMATION_FORMAT = "dwarf-with-dsym";
				ENABLE_NS_ASSERTIONS = NO;
				ENABLE_STRICT_OBJC_MSGSEND = YES;
				GCC_C_LANGUAGE_STANDARD = gnu11;
				GCC_NO_COMMON_BLOCKS = YES;
				GCC_WARN_64_TO_32_BIT_CONVERSION = YES;
				GCC_WARN_ABOUT_RETURN_TYPE = YES_ERROR;
				GCC_WARN_UNDECLARED_SELECTOR = YES;
				GCC_WARN_UNINITIALIZED_AUTOS = YES_AGGRESSIVE;
				GCC_WARN_UNUSED_FUNCTION = YES;
				GCC_WARN_UNUSED_VARIABLE = YES;
				IPHONEOS_DEPLOYMENT_TARGET = 12.0;
				MTL_ENABLE_DEBUG_INFO = NO;
				SDKROOT = iphoneos;
				SWIFT_OPTIMIZATION_LEVEL = "-Owholemodule";
				VALIDATE_PRODUCT = YES;
			};
			name = Release;
		};
		03AA17601FC84154003CB2B8 /* Debug */ = {
			isa = XCBuildConfiguration;
			baseConfigurationReference = 1473DCBCD2FF7AE43A0332B3 /* Pods-Agenda.debug.xcconfig */;
			buildSettings = {
				ASSETCATALOG_COMPILER_APPICON_NAME = AppIcon;
				CODE_SIGN_IDENTITY = "Apple Development";
				CODE_SIGN_STYLE = Automatic;
				DEVELOPMENT_TEAM = V5T7RC33A5;
				INFOPLIST_FILE = Agenda/Info.plist;
				LD_RUNPATH_SEARCH_PATHS = "$(inherited) @executable_path/Frameworks";
				PRODUCT_BUNDLE_IDENTIFIER = com.github.edumaxsantos;
				PRODUCT_NAME = "$(TARGET_NAME)";
				PROVISIONING_PROFILE_SPECIFIER = "";
				SWIFT_VERSION = 4.0;
				TARGETED_DEVICE_FAMILY = "1,2";
			};
			name = Debug;
		};
		03AA17611FC84154003CB2B8 /* Release */ = {
			isa = XCBuildConfiguration;
			baseConfigurationReference = C259BE473ABEDBDD129BB562 /* Pods-Agenda.release.xcconfig */;
			buildSettings = {
				ASSETCATALOG_COMPILER_APPICON_NAME = AppIcon;
				CODE_SIGN_IDENTITY = "Apple Development";
				CODE_SIGN_STYLE = Automatic;
				DEVELOPMENT_TEAM = V5T7RC33A5;
				INFOPLIST_FILE = Agenda/Info.plist;
				LD_RUNPATH_SEARCH_PATHS = "$(inherited) @executable_path/Frameworks";
				PRODUCT_BUNDLE_IDENTIFIER = com.github.edumaxsantos;
				PRODUCT_NAME = "$(TARGET_NAME)";
				PROVISIONING_PROFILE_SPECIFIER = "";
				SWIFT_VERSION = 4.0;
				TARGETED_DEVICE_FAMILY = "1,2";
			};
			name = Release;
		};
/* End XCBuildConfiguration section */

/* Begin XCConfigurationList section */
		03AA17451FC84154003CB2B8 /* Build configuration list for PBXProject "Agenda" */ = {
			isa = XCConfigurationList;
			buildConfigurations = (
				03AA175D1FC84154003CB2B8 /* Debug */,
				03AA175E1FC84154003CB2B8 /* Release */,
			);
			defaultConfigurationIsVisible = 0;
			defaultConfigurationName = Release;
		};
		03AA175F1FC84154003CB2B8 /* Build configuration list for PBXNativeTarget "Agenda" */ = {
			isa = XCConfigurationList;
			buildConfigurations = (
				03AA17601FC84154003CB2B8 /* Debug */,
				03AA17611FC84154003CB2B8 /* Release */,
			);
			defaultConfigurationIsVisible = 0;
			defaultConfigurationName = Release;
		};
/* End XCConfigurationList section */

/* Begin XCVersionGroup section */
		03AA17541FC84154003CB2B8 /* Agenda.xcdatamodeld */ = {
			isa = XCVersionGroup;
			children = (
				03AA17551FC84154003CB2B8 /* Agenda.xcdatamodel */,
			);
			currentVersion = 03AA17551FC84154003CB2B8 /* Agenda.xcdatamodel */;
			path = Agenda.xcdatamodeld;
			sourceTree = "<group>";
			versionGroupType = wrapper.xcdatamodel;
		};
/* End XCVersionGroup section */
	};
	rootObject = 03AA17421FC84154003CB2B8 /* Project object */;
}
